// !$*UTF8*$!
{
	archiveVersion = 1;
	classes = {
	};
	objectVersion = 46;
	objects = {

/* Begin PBXBuildFile section */
		BF24416B1F342FD5001160D0 /* AppDelegate.swift in Sources */ = {isa = PBXBuildFile; fileRef = BF24416A1F342FD5001160D0 /* AppDelegate.swift */; };
		BF2441701F342FD5001160D0 /* Main.storyboard in Resources */ = {isa = PBXBuildFile; fileRef = BF24416E1F342FD5001160D0 /* Main.storyboard */; };
		BF2441721F342FD5001160D0 /* Assets.xcassets in Resources */ = {isa = PBXBuildFile; fileRef = BF2441711F342FD5001160D0 /* Assets.xcassets */; };
		BF2441751F342FD5001160D0 /* LaunchScreen.storyboard in Resources */ = {isa = PBXBuildFile; fileRef = BF2441731F342FD5001160D0 /* LaunchScreen.storyboard */; };
		BF24417E1F344F04001160D0 /* HomeView.storyboard in Resources */ = {isa = PBXBuildFile; fileRef = BF24417C1F344F04001160D0 /* HomeView.storyboard */; };
		BF2441841F345172001160D0 /* HomeViewController.swift in Sources */ = {isa = PBXBuildFile; fileRef = BF2441831F345172001160D0 /* HomeViewController.swift */; };
		BF2441871F348EF9001160D0 /* Constants.swift in Sources */ = {isa = PBXBuildFile; fileRef = BF2441861F348EF9001160D0 /* Constants.swift */; };
		BF24418B1F36D15C001160D0 /* ListDrinksTableViewCell.swift in Sources */ = {isa = PBXBuildFile; fileRef = BF24418A1F36D15C001160D0 /* ListDrinksTableViewCell.swift */; };
		BF24418E1F36D81E001160D0 /* ListDrinksTableViewController.swift in Sources */ = {isa = PBXBuildFile; fileRef = BF24418D1F36D81E001160D0 /* ListDrinksTableViewController.swift */; };
		BF2441901F36FD33001160D0 /* DisplayListViewController.swift in Sources */ = {isa = PBXBuildFile; fileRef = BF24418F1F36FD33001160D0 /* DisplayListViewController.swift */; };
		BF2441931F382B81001160D0 /* CoreData.framework in Frameworks */ = {isa = PBXBuildFile; fileRef = BF2441921F382B81001160D0 /* CoreData.framework */; };
		BF2441961F382B99001160D0 /* PartyManager.xcdatamodeld in Sources */ = {isa = PBXBuildFile; fileRef = BF2441941F382B99001160D0 /* PartyManager.xcdatamodeld */; };
		BF2441981F382D11001160D0 /* CoreDataHelper.swift in Sources */ = {isa = PBXBuildFile; fileRef = BF2441971F382D11001160D0 /* CoreDataHelper.swift */; };
		BF24419A1F3832BF001160D0 /* DataToString.swift in Sources */ = {isa = PBXBuildFile; fileRef = BF2441991F3832BF001160D0 /* DataToString.swift */; };
		BF24419C1F3895D7001160D0 /* DisplayRecapViewController.swift in Sources */ = {isa = PBXBuildFile; fileRef = BF24419B1F3895D7001160D0 /* DisplayRecapViewController.swift */; };
		BF24419F1F393EE2001160D0 /* ListParties.storyboard in Resources */ = {isa = PBXBuildFile; fileRef = BF24419D1F393EE2001160D0 /* ListParties.storyboard */; };
		BF2441A11F394C27001160D0 /* ListPartiesTableViewController.swift in Sources */ = {isa = PBXBuildFile; fileRef = BF2441A01F394C27001160D0 /* ListPartiesTableViewController.swift */; };
		BF2441A31F39550A001160D0 /* ListPartiesTableViewCell.swift in Sources */ = {isa = PBXBuildFile; fileRef = BF2441A21F39550A001160D0 /* ListPartiesTableViewCell.swift */; };
		BF2441A51F3A8CBE001160D0 /* List.swift in Sources */ = {isa = PBXBuildFile; fileRef = BF2441A41F3A8CBE001160D0 /* List.swift */; };
		BF2441A71F3AACAF001160D0 /* MGPhotoHelper.swift in Sources */ = {isa = PBXBuildFile; fileRef = BF2441A61F3AACAF001160D0 /* MGPhotoHelper.swift */; };
		BF2441AA1F3ACAA5001160D0 /* partyPhotoCell.swift in Sources */ = {isa = PBXBuildFile; fileRef = BF2441A91F3ACAA5001160D0 /* partyPhotoCell.swift */; };
		BF2441AC1F3AEEA0001160D0 /* PartyName.swift in Sources */ = {isa = PBXBuildFile; fileRef = BF2441AB1F3AEEA0001160D0 /* PartyName.swift */; };
		BF2441AE1F3C19B0001160D0 /* Feel.swift in Sources */ = {isa = PBXBuildFile; fileRef = BF2441AD1F3C19B0001160D0 /* Feel.swift */; };
		BF2441B11F3C57CB001160D0 /* Manage.storyboard in Resources */ = {isa = PBXBuildFile; fileRef = BF2441AF1F3C57CB001160D0 /* Manage.storyboard */; };
		BF2441B31F3C59D5001160D0 /* ManageViewController.swift in Sources */ = {isa = PBXBuildFile; fileRef = BF2441B21F3C59D5001160D0 /* ManageViewController.swift */; };
		BF2441B51F3CA7BF001160D0 /* DisplayPhotoViewController.swift in Sources */ = {isa = PBXBuildFile; fileRef = BF2441B41F3CA7BF001160D0 /* DisplayPhotoViewController.swift */; };
/* End PBXBuildFile section */

/* Begin PBXFileReference section */
		BF2441671F342FD5001160D0 /* PartyManager.app */ = {isa = PBXFileReference; explicitFileType = wrapper.application; includeInIndex = 0; path = PartyManager.app; sourceTree = BUILT_PRODUCTS_DIR; };
		BF24416A1F342FD5001160D0 /* AppDelegate.swift */ = {isa = PBXFileReference; lastKnownFileType = sourcecode.swift; path = AppDelegate.swift; sourceTree = "<group>"; };
		BF24416F1F342FD5001160D0 /* Base */ = {isa = PBXFileReference; lastKnownFileType = file.storyboard; name = Base; path = Base.lproj/Main.storyboard; sourceTree = "<group>"; };
		BF2441711F342FD5001160D0 /* Assets.xcassets */ = {isa = PBXFileReference; lastKnownFileType = folder.assetcatalog; path = Assets.xcassets; sourceTree = "<group>"; };
		BF2441741F342FD5001160D0 /* Base */ = {isa = PBXFileReference; lastKnownFileType = file.storyboard; name = Base; path = Base.lproj/LaunchScreen.storyboard; sourceTree = "<group>"; };
		BF2441761F342FD5001160D0 /* Info.plist */ = {isa = PBXFileReference; lastKnownFileType = text.plist.xml; path = Info.plist; sourceTree = "<group>"; };
		BF24417D1F344F04001160D0 /* Base */ = {isa = PBXFileReference; lastKnownFileType = file.storyboard; name = Base; path = Base.lproj/HomeView.storyboard; sourceTree = "<group>"; };
		BF2441831F345172001160D0 /* HomeViewController.swift */ = {isa = PBXFileReference; fileEncoding = 4; lastKnownFileType = sourcecode.swift; path = HomeViewController.swift; sourceTree = "<group>"; };
		BF2441861F348EF9001160D0 /* Constants.swift */ = {isa = PBXFileReference; fileEncoding = 4; lastKnownFileType = sourcecode.swift; name = Constants.swift; path = Supporting/Constants.swift; sourceTree = "<group>"; };
		BF24418A1F36D15C001160D0 /* ListDrinksTableViewCell.swift */ = {isa = PBXFileReference; fileEncoding = 4; lastKnownFileType = sourcecode.swift; name = ListDrinksTableViewCell.swift; path = Views/ListDrinksTableViewCell.swift; sourceTree = "<group>"; };
		BF24418D1F36D81E001160D0 /* ListDrinksTableViewController.swift */ = {isa = PBXFileReference; fileEncoding = 4; lastKnownFileType = sourcecode.swift; lineEnding = 0; name = ListDrinksTableViewController.swift; path = Controllers/ListDrinksTableViewController.swift; sourceTree = "<group>"; xcLanguageSpecificationIdentifier = xcode.lang.swift; };
		BF24418F1F36FD33001160D0 /* DisplayListViewController.swift */ = {isa = PBXFileReference; fileEncoding = 4; lastKnownFileType = sourcecode.swift; name = DisplayListViewController.swift; path = Controllers/DisplayListViewController.swift; sourceTree = "<group>"; };
		BF2441921F382B81001160D0 /* CoreData.framework */ = {isa = PBXFileReference; lastKnownFileType = wrapper.framework; name = CoreData.framework; path = System/Library/Frameworks/CoreData.framework; sourceTree = SDKROOT; };
		BF2441951F382B99001160D0 /* PartyManager.xcdatamodel */ = {isa = PBXFileReference; lastKnownFileType = wrapper.xcdatamodel; path = PartyManager.xcdatamodel; sourceTree = "<group>"; };
		BF2441971F382D11001160D0 /* CoreDataHelper.swift */ = {isa = PBXFileReference; fileEncoding = 4; lastKnownFileType = sourcecode.swift; lineEnding = 0; name = CoreDataHelper.swift; path = Supporting/CoreDataHelper.swift; sourceTree = "<group>"; xcLanguageSpecificationIdentifier = xcode.lang.swift; };
		BF2441991F3832BF001160D0 /* DataToString.swift */ = {isa = PBXFileReference; fileEncoding = 4; lastKnownFileType = sourcecode.swift; name = DataToString.swift; path = Supporting/DataToString.swift; sourceTree = "<group>"; };
		BF24419B1F3895D7001160D0 /* DisplayRecapViewController.swift */ = {isa = PBXFileReference; fileEncoding = 4; lastKnownFileType = sourcecode.swift; name = DisplayRecapViewController.swift; path = Controllers/DisplayRecapViewController.swift; sourceTree = "<group>"; };
		BF24419E1F393EE2001160D0 /* Base */ = {isa = PBXFileReference; lastKnownFileType = file.storyboard; name = Base; path = Base.lproj/ListParties.storyboard; sourceTree = "<group>"; };
		BF2441A01F394C27001160D0 /* ListPartiesTableViewController.swift */ = {isa = PBXFileReference; fileEncoding = 4; lastKnownFileType = sourcecode.swift; lineEnding = 0; name = ListPartiesTableViewController.swift; path = Controllers/ListPartiesTableViewController.swift; sourceTree = "<group>"; xcLanguageSpecificationIdentifier = xcode.lang.swift; };
		BF2441A21F39550A001160D0 /* ListPartiesTableViewCell.swift */ = {isa = PBXFileReference; fileEncoding = 4; lastKnownFileType = sourcecode.swift; lineEnding = 0; name = ListPartiesTableViewCell.swift; path = Views/ListPartiesTableViewCell.swift; sourceTree = "<group>"; xcLanguageSpecificationIdentifier = xcode.lang.swift; };
		BF2441A41F3A8CBE001160D0 /* List.swift */ = {isa = PBXFileReference; fileEncoding = 4; lastKnownFileType = sourcecode.swift; name = List.swift; path = Supporting/List.swift; sourceTree = "<group>"; };
		BF2441A61F3AACAF001160D0 /* MGPhotoHelper.swift */ = {isa = PBXFileReference; fileEncoding = 4; lastKnownFileType = sourcecode.swift; name = MGPhotoHelper.swift; path = Helpers/MGPhotoHelper.swift; sourceTree = "<group>"; };
		BF2441A91F3ACAA5001160D0 /* partyPhotoCell.swift */ = {isa = PBXFileReference; fileEncoding = 4; lastKnownFileType = sourcecode.swift; name = partyPhotoCell.swift; path = Views/partyPhotoCell.swift; sourceTree = "<group>"; };
		BF2441AB1F3AEEA0001160D0 /* PartyName.swift */ = {isa = PBXFileReference; fileEncoding = 4; lastKnownFileType = sourcecode.swift; name = PartyName.swift; path = Supporting/PartyName.swift; sourceTree = "<group>"; };
		BF2441AD1F3C19B0001160D0 /* Feel.swift */ = {isa = PBXFileReference; fileEncoding = 4; lastKnownFileType = sourcecode.swift; name = Feel.swift; path = Supporting/Feel.swift; sourceTree = "<group>"; };
		BF2441B01F3C57CB001160D0 /* Base */ = {isa = PBXFileReference; lastKnownFileType = file.storyboard; name = Base; path = Base.lproj/Manage.storyboard; sourceTree = "<group>"; };
		BF2441B21F3C59D5001160D0 /* ManageViewController.swift */ = {isa = PBXFileReference; fileEncoding = 4; lastKnownFileType = sourcecode.swift; name = ManageViewController.swift; path = Controllers/ManageViewController.swift; sourceTree = "<group>"; };
		BF2441B41F3CA7BF001160D0 /* DisplayPhotoViewController.swift */ = {isa = PBXFileReference; fileEncoding = 4; lastKnownFileType = sourcecode.swift; name = DisplayPhotoViewController.swift; path = Controllers/DisplayPhotoViewController.swift; sourceTree = "<group>"; };
/* End PBXFileReference section */

/* Begin PBXFrameworksBuildPhase section */
		BF2441641F342FD5001160D0 /* Frameworks */ = {
			isa = PBXFrameworksBuildPhase;
			buildActionMask = 2147483647;
			files = (
				BF2441931F382B81001160D0 /* CoreData.framework in Frameworks */,
			);
			runOnlyForDeploymentPostprocessing = 0;
		};
/* End PBXFrameworksBuildPhase section */

/* Begin PBXGroup section */
		BF24415E1F342FD5001160D0 = {
			isa = PBXGroup;
			children = (
				BF2441691F342FD5001160D0 /* PartyManager */,
				BF2441681F342FD5001160D0 /* Products */,
				BF2441911F382B80001160D0 /* Frameworks */,
			);
			sourceTree = "<group>";
		};
		BF2441681F342FD5001160D0 /* Products */ = {
			isa = PBXGroup;
			children = (
				BF2441671F342FD5001160D0 /* PartyManager.app */,
			);
			name = Products;
			sourceTree = "<group>";
		};
		BF2441691F342FD5001160D0 /* PartyManager */ = {
			isa = PBXGroup;
			children = (
				BF24416A1F342FD5001160D0 /* AppDelegate.swift */,
				BF2441941F382B99001160D0 /* PartyManager.xcdatamodeld */,
				BF24418C1F36D16C001160D0 /* Views */,
				BF2441851F345178001160D0 /* Controllers */,
				BF24417F1F344FDB001160D0 /* Storyboard */,
				BF2441711F342FD5001160D0 /* Assets.xcassets */,
				BF2441801F345000001160D0 /* Supporting File */,
				BF2441A81F3AACB4001160D0 /* Helper */,
			);
			path = PartyManager;
			sourceTree = "<group>";
		};
		BF24417F1F344FDB001160D0 /* Storyboard */ = {
			isa = PBXGroup;
			children = (
				BF24416E1F342FD5001160D0 /* Main.storyboard */,
				BF2441AF1F3C57CB001160D0 /* Manage.storyboard */,
				BF24419D1F393EE2001160D0 /* ListParties.storyboard */,
				BF24417C1F344F04001160D0 /* HomeView.storyboard */,
			);
			name = Storyboard;
			sourceTree = "<group>";
		};
		BF2441801F345000001160D0 /* Supporting File */ = {
			isa = PBXGroup;
			children = (
				BF2441861F348EF9001160D0 /* Constants.swift */,
				BF2441731F342FD5001160D0 /* LaunchScreen.storyboard */,
				BF2441761F342FD5001160D0 /* Info.plist */,
				BF2441971F382D11001160D0 /* CoreDataHelper.swift */,
				BF2441991F3832BF001160D0 /* DataToString.swift */,
				BF2441A41F3A8CBE001160D0 /* List.swift */,
				BF2441AB1F3AEEA0001160D0 /* PartyName.swift */,
				BF2441AD1F3C19B0001160D0 /* Feel.swift */,
			);
			name = "Supporting File";
			sourceTree = "<group>";
		};
		BF2441851F345178001160D0 /* Controllers */ = {
			isa = PBXGroup;
			children = (
				BF2441831F345172001160D0 /* HomeViewController.swift */,
				BF24418D1F36D81E001160D0 /* ListDrinksTableViewController.swift */,
				BF24418F1F36FD33001160D0 /* DisplayListViewController.swift */,
				BF24419B1F3895D7001160D0 /* DisplayRecapViewController.swift */,
				BF2441A01F394C27001160D0 /* ListPartiesTableViewController.swift */,
				BF2441B21F3C59D5001160D0 /* ManageViewController.swift */,
				BF2441B41F3CA7BF001160D0 /* DisplayPhotoViewController.swift */,
			);
			name = Controllers;
			sourceTree = "<group>";
		};
		BF24418C1F36D16C001160D0 /* Views */ = {
			isa = PBXGroup;
			children = (
				BF24418A1F36D15C001160D0 /* ListDrinksTableViewCell.swift */,
				BF2441A21F39550A001160D0 /* ListPartiesTableViewCell.swift */,
				BF2441A91F3ACAA5001160D0 /* partyPhotoCell.swift */,
			);
			name = Views;
			sourceTree = "<group>";
		};
		BF2441911F382B80001160D0 /* Frameworks */ = {
			isa = PBXGroup;
			children = (
				BF2441921F382B81001160D0 /* CoreData.framework */,
			);
			name = Frameworks;
			sourceTree = "<group>";
		};
		BF2441A81F3AACB4001160D0 /* Helper */ = {
			isa = PBXGroup;
			children = (
				BF2441A61F3AACAF001160D0 /* MGPhotoHelper.swift */,
			);
			name = Helper;
			sourceTree = "<group>";
		};
/* End PBXGroup section */

/* Begin PBXNativeTarget section */
		BF2441661F342FD5001160D0 /* PartyManager */ = {
			isa = PBXNativeTarget;
			buildConfigurationList = BF2441791F342FD5001160D0 /* Build configuration list for PBXNativeTarget "PartyManager" */;
			buildPhases = (
				BF2441631F342FD5001160D0 /* Sources */,
				BF2441641F342FD5001160D0 /* Frameworks */,
				BF2441651F342FD5001160D0 /* Resources */,
			);
			buildRules = (
			);
			dependencies = (
			);
			name = PartyManager;
			productName = PartyManager;
			productReference = BF2441671F342FD5001160D0 /* PartyManager.app */;
			productType = "com.apple.product-type.application";
		};
/* End PBXNativeTarget section */

/* Begin PBXProject section */
		BF24415F1F342FD5001160D0 /* Project object */ = {
			isa = PBXProject;
			attributes = {
				LastSwiftUpdateCheck = 0830;
				LastUpgradeCheck = 0830;
				ORGANIZATIONNAME = "Kaichi Momose";
				TargetAttributes = {
					BF2441661F342FD5001160D0 = {
						CreatedOnToolsVersion = 8.3.3;
						DevelopmentTeam = CGUE68EN3T;
						ProvisioningStyle = Automatic;
					};
				};
			};
			buildConfigurationList = BF2441621F342FD5001160D0 /* Build configuration list for PBXProject "PartyManager" */;
			compatibilityVersion = "Xcode 3.2";
			developmentRegion = English;
			hasScannedForEncodings = 0;
			knownRegions = (
				en,
				Base,
			);
			mainGroup = BF24415E1F342FD5001160D0;
			productRefGroup = BF2441681F342FD5001160D0 /* Products */;
			projectDirPath = "";
			projectRoot = "";
			targets = (
				BF2441661F342FD5001160D0 /* PartyManager */,
			);
		};
/* End PBXProject section */

/* Begin PBXResourcesBuildPhase section */
		BF2441651F342FD5001160D0 /* Resources */ = {
			isa = PBXResourcesBuildPhase;
			buildActionMask = 2147483647;
			files = (
				BF2441751F342FD5001160D0 /* LaunchScreen.storyboard in Resources */,
				BF2441721F342FD5001160D0 /* Assets.xcassets in Resources */,
				BF24419F1F393EE2001160D0 /* ListParties.storyboard in Resources */,
				BF24417E1F344F04001160D0 /* HomeView.storyboard in Resources */,
				BF2441701F342FD5001160D0 /* Main.storyboard in Resources */,
				BF2441B11F3C57CB001160D0 /* Manage.storyboard in Resources */,
			);
			runOnlyForDeploymentPostprocessing = 0;
		};
/* End PBXResourcesBuildPhase section */

/* Begin PBXSourcesBuildPhase section */
		BF2441631F342FD5001160D0 /* Sources */ = {
			isa = PBXSourcesBuildPhase;
			buildActionMask = 2147483647;
			files = (
				BF2441A31F39550A001160D0 /* ListPartiesTableViewCell.swift in Sources */,
				BF24419C1F3895D7001160D0 /* DisplayRecapViewController.swift in Sources */,
				BF24418E1F36D81E001160D0 /* ListDrinksTableViewController.swift in Sources */,
				BF24416B1F342FD5001160D0 /* AppDelegate.swift in Sources */,
				BF2441A51F3A8CBE001160D0 /* List.swift in Sources */,
				BF2441B31F3C59D5001160D0 /* ManageViewController.swift in Sources */,
				BF2441981F382D11001160D0 /* CoreDataHelper.swift in Sources */,
				BF24419A1F3832BF001160D0 /* DataToString.swift in Sources */,
				BF24418B1F36D15C001160D0 /* ListDrinksTableViewCell.swift in Sources */,
				BF2441AA1F3ACAA5001160D0 /* partyPhotoCell.swift in Sources */,
				BF2441961F382B99001160D0 /* PartyManager.xcdatamodeld in Sources */,
				BF2441901F36FD33001160D0 /* DisplayListViewController.swift in Sources */,
				BF2441AE1F3C19B0001160D0 /* Feel.swift in Sources */,
				BF2441AC1F3AEEA0001160D0 /* PartyName.swift in Sources */,
				BF2441A11F394C27001160D0 /* ListPartiesTableViewController.swift in Sources */,
				BF2441B51F3CA7BF001160D0 /* DisplayPhotoViewController.swift in Sources */,
				BF2441841F345172001160D0 /* HomeViewController.swift in Sources */,
				BF2441A71F3AACAF001160D0 /* MGPhotoHelper.swift in Sources */,
				BF2441871F348EF9001160D0 /* Constants.swift in Sources */,
			);
			runOnlyForDeploymentPostprocessing = 0;
		};
/* End PBXSourcesBuildPhase section */

/* Begin PBXVariantGroup section */
		BF24416E1F342FD5001160D0 /* Main.storyboard */ = {
			isa = PBXVariantGroup;
			children = (
				BF24416F1F342FD5001160D0 /* Base */,
			);
			name = Main.storyboard;
			sourceTree = "<group>";
		};
		BF2441731F342FD5001160D0 /* LaunchScreen.storyboard */ = {
			isa = PBXVariantGroup;
			children = (
				BF2441741F342FD5001160D0 /* Base */,
			);
			name = LaunchScreen.storyboard;
			sourceTree = "<group>";
		};
		BF24417C1F344F04001160D0 /* HomeView.storyboard */ = {
			isa = PBXVariantGroup;
			children = (
				BF24417D1F344F04001160D0 /* Base */,
			);
			name = HomeView.storyboard;
			sourceTree = "<group>";
		};
		BF24419D1F393EE2001160D0 /* ListParties.storyboard */ = {
			isa = PBXVariantGroup;
			children = (
				BF24419E1F393EE2001160D0 /* Base */,
			);
			name = ListParties.storyboard;
			sourceTree = "<group>";
		};
		BF2441AF1F3C57CB001160D0 /* Manage.storyboard */ = {
			isa = PBXVariantGroup;
			children = (
				BF2441B01F3C57CB001160D0 /* Base */,
			);
			name = Manage.storyboard;
			sourceTree = "<group>";
		};
/* End PBXVariantGroup section */

/* Begin XCBuildConfiguration section */
		BF2441771F342FD5001160D0 /* Debug */ = {
			isa = XCBuildConfiguration;
			buildSettings = {
				ALWAYS_SEARCH_USER_PATHS = NO;
				CLANG_ANALYZER_NONNULL = YES;
				CLANG_ANALYZER_NUMBER_OBJECT_CONVERSION = YES_AGGRESSIVE;
				CLANG_CXX_LANGUAGE_STANDARD = "gnu++0x";
				CLANG_CXX_LIBRARY = "libc++";
				CLANG_ENABLE_MODULES = YES;
				CLANG_ENABLE_OBJC_ARC = YES;
				CLANG_WARN_BOOL_CONVERSION = YES;
				CLANG_WARN_CONSTANT_CONVERSION = YES;
				CLANG_WARN_DIRECT_OBJC_ISA_USAGE = YES_ERROR;
				CLANG_WARN_DOCUMENTATION_COMMENTS = YES;
				CLANG_WARN_EMPTY_BODY = YES;
				CLANG_WARN_ENUM_CONVERSION = YES;
				CLANG_WARN_INFINITE_RECURSION = YES;
				CLANG_WARN_INT_CONVERSION = YES;
				CLANG_WARN_OBJC_ROOT_CLASS = YES_ERROR;
				CLANG_WARN_SUSPICIOUS_MOVE = YES;
				CLANG_WARN_UNREACHABLE_CODE = YES;
				CLANG_WARN__DUPLICATE_METHOD_MATCH = YES;
				"CODE_SIGN_IDENTITY[sdk=iphoneos*]" = "iPhone Developer";
				COPY_PHASE_STRIP = NO;
				DEBUG_INFORMATION_FORMAT = dwarf;
				ENABLE_STRICT_OBJC_MSGSEND = YES;
				ENABLE_TESTABILITY = YES;
				GCC_C_LANGUAGE_STANDARD = gnu99;
				GCC_DYNAMIC_NO_PIC = NO;
				GCC_NO_COMMON_BLOCKS = YES;
				GCC_OPTIMIZATION_LEVEL = 0;
				GCC_PREPROCESSOR_DEFINITIONS = (
					"DEBUG=1",
					"$(inherited)",
				);
				GCC_WARN_64_TO_32_BIT_CONVERSION = YES;
				GCC_WARN_ABOUT_RETURN_TYPE = YES_ERROR;
				GCC_WARN_UNDECLARED_SELECTOR = YES;
				GCC_WARN_UNINITIALIZED_AUTOS = YES_AGGRESSIVE;
				GCC_WARN_UNUSED_FUNCTION = YES;
				GCC_WARN_UNUSED_VARIABLE = YES;
				IPHONEOS_DEPLOYMENT_TARGET = 10.3;
				MTL_ENABLE_DEBUG_INFO = YES;
				ONLY_ACTIVE_ARCH = YES;
				SDKROOT = iphoneos;
				SWIFT_ACTIVE_COMPILATION_CONDITIONS = DEBUG;
				SWIFT_OPTIMIZATION_LEVEL = "-Onone";
				TARGETED_DEVICE_FAMILY = "1,2";
			};
			name = Debug;
		};
		BF2441781F342FD5001160D0 /* Release */ = {
			isa = XCBuildConfiguration;
			buildSettings = {
				ALWAYS_SEARCH_USER_PATHS = NO;
				CLANG_ANALYZER_NONNULL = YES;
				CLANG_ANALYZER_NUMBER_OBJECT_CONVERSION = YES_AGGRESSIVE;
				CLANG_CXX_LANGUAGE_STANDARD = "gnu++0x";
				CLANG_CXX_LIBRARY = "libc++";
				CLANG_ENABLE_MODULES = YES;
				CLANG_ENABLE_OBJC_ARC = YES;
				CLANG_WARN_BOOL_CONVERSION = YES;
				CLANG_WARN_CONSTANT_CONVERSION = YES;
				CLANG_WARN_DIRECT_OBJC_ISA_USAGE = YES_ERROR;
				CLANG_WARN_DOCUMENTATION_COMMENTS = YES;
				CLANG_WARN_EMPTY_BODY = YES;
				CLANG_WARN_ENUM_CONVERSION = YES;
				CLANG_WARN_INFINITE_RECURSION = YES;
				CLANG_WARN_INT_CONVERSION = YES;
				CLANG_WARN_OBJC_ROOT_CLASS = YES_ERROR;
				CLANG_WARN_SUSPICIOUS_MOVE = YES;
				CLANG_WARN_UNREACHABLE_CODE = YES;
				CLANG_WARN__DUPLICATE_METHOD_MATCH = YES;
				"CODE_SIGN_IDENTITY[sdk=iphoneos*]" = "iPhone Developer";
				COPY_PHASE_STRIP = NO;
				DEBUG_INFORMATION_FORMAT = "dwarf-with-dsym";
				ENABLE_NS_ASSERTIONS = NO;
				ENABLE_STRICT_OBJC_MSGSEND = YES;
				GCC_C_LANGUAGE_STANDARD = gnu99;
				GCC_NO_COMMON_BLOCKS = YES;
				GCC_WARN_64_TO_32_BIT_CONVERSION = YES;
				GCC_WARN_ABOUT_RETURN_TYPE = YES_ERROR;
				GCC_WARN_UNDECLARED_SELECTOR = YES;
				GCC_WARN_UNINITIALIZED_AUTOS = YES_AGGRESSIVE;
				GCC_WARN_UNUSED_FUNCTION = YES;
				GCC_WARN_UNUSED_VARIABLE = YES;
				IPHONEOS_DEPLOYMENT_TARGET = 10.3;
				MTL_ENABLE_DEBUG_INFO = NO;
				SDKROOT = iphoneos;
				SWIFT_OPTIMIZATION_LEVEL = "-Owholemodule";
				TARGETED_DEVICE_FAMILY = "1,2";
				VALIDATE_PRODUCT = YES;
			};
			name = Release;
		};
		BF24417A1F342FD5001160D0 /* Debug */ = {
			isa = XCBuildConfiguration;
			buildSettings = {
				ASSETCATALOG_COMPILER_APPICON_NAME = AppIcon;
				DEVELOPMENT_TEAM = CGUE68EN3T;
				INFOPLIST_FILE = PartyManager/Info.plist;
				LD_RUNPATH_SEARCH_PATHS = "$(inherited) @executable_path/Frameworks";
				PRODUCT_BUNDLE_IDENTIFIER = "com.momose-kaichi.PartyManager";
				PRODUCT_NAME = "$(TARGET_NAME)";
				SWIFT_VERSION = 3.0;
			};
			name = Debug;
		};
		BF24417B1F342FD5001160D0 /* Release */ = {
			isa = XCBuildConfiguration;
			buildSettings = {
				ASSETCATALOG_COMPILER_APPICON_NAME = AppIcon;
				DEVELOPMENT_TEAM = CGUE68EN3T;
				INFOPLIST_FILE = PartyManager/Info.plist;
				LD_RUNPATH_SEARCH_PATHS = "$(inherited) @executable_path/Frameworks";
				PRODUCT_BUNDLE_IDENTIFIER = "com.momose-kaichi.PartyManager";
				PRODUCT_NAME = "$(TARGET_NAME)";
				SWIFT_VERSION = 3.0;
			};
			name = Release;
		};
/* End XCBuildConfiguration section */

/* Begin XCConfigurationList section */
		BF2441621F342FD5001160D0 /* Build configuration list for PBXProject "PartyManager" */ = {
			isa = XCConfigurationList;
			buildConfigurations = (
				BF2441771F342FD5001160D0 /* Debug */,
				BF2441781F342FD5001160D0 /* Release */,
			);
			defaultConfigurationIsVisible = 0;
			defaultConfigurationName = Release;
		};
		BF2441791F342FD5001160D0 /* Build configuration list for PBXNativeTarget "PartyManager" */ = {
			isa = XCConfigurationList;
			buildConfigurations = (
				BF24417A1F342FD5001160D0 /* Debug */,
				BF24417B1F342FD5001160D0 /* Release */,
			);
			defaultConfigurationIsVisible = 0;
			defaultConfigurationName = Release;
		};
/* End XCConfigurationList section */

/* Begin XCVersionGroup section */
		BF2441941F382B99001160D0 /* PartyManager.xcdatamodeld */ = {
			isa = XCVersionGroup;
			children = (
				BF2441951F382B99001160D0 /* PartyManager.xcdatamodel */,
			);
			currentVersion = BF2441951F382B99001160D0 /* PartyManager.xcdatamodel */;
			name = PartyManager.xcdatamodeld;
			path = Models/PartyManager.xcdatamodeld;
			sourceTree = "<group>";
			versionGroupType = wrapper.xcdatamodel;
		};
/* End XCVersionGroup section */
	};
	rootObject = BF24415F1F342FD5001160D0 /* Project object */;
}
